
Microsoft Visual Studio Solution File, Format Version 12.00
# Visual Studio Version 17
VisualStudioVersion = 17.14.36518.9
MinimumVisualStudioVersion = 10.0.40219.1
Project("{FAE04EC0-301F-11D3-BF4B-00C04F79EFBC}") = "ProductAPI", "ProductCurd\ProductAPI.csproj", "{06E08085-BA10-45F4-8BCD-71A79E1C9BF9}"
EndProject
Project("{FAE04EC0-301F-11D3-BF4B-00C04F79EFBC}") = "JWT_Auth", "JWT Auth\JWT_Auth.csproj", "{9472B60F-0034-481A-A54E-696E8265153D}"
EndProject
Global
	GlobalSection(SolutionConfigurationPlatforms) = preSolution
		Debug|Any CPU = Debug|Any CPU
		Release|Any CPU = Release|Any CPU
	EndGlobalSection
	GlobalSection(ProjectConfigurationPlatforms) = postSolution
		{06E08085-BA10-45F4-8BCD-71A79E1C9BF9}.Debug|Any CPU.ActiveCfg = Debug|Any CPU
		{06E08085-BA10-45F4-8BCD-71A79E1C9BF9}.Debug|Any CPU.Build.0 = Debug|Any CPU
		{06E08085-BA10-45F4-8BCD-71A79E1C9BF9}.Release|Any CPU.ActiveCfg = Release|Any CPU
		{06E08085-BA10-45F4-8BCD-71A79E1C9BF9}.Release|Any CPU.Build.0 = Release|Any CPU
		{9472B60F-0034-481A-A54E-696E8265153D}.Debug|Any CPU.ActiveCfg = Debug|Any CPU
		{9472B60F-0034-481A-A54E-696E8265153D}.Debug|Any CPU.Build.0 = Debug|Any CPU
		{9472B60F-0034-481A-A54E-696E8265153D}.Release|Any CPU.ActiveCfg = Release|Any CPU
		{9472B60F-0034-481A-A54E-696E8265153D}.Release|Any CPU.Build.0 = Release|Any CPU
	EndGlobalSection
	GlobalSection(SolutionProperties) = preSolution
		HideSolutionNode = FALSE
	EndGlobalSection
	GlobalSection(ExtensibilityGlobals) = postSolution
		SolutionGuid = {F7B9D20E-C515-4F53-903C-1631271D3E13}
	EndGlobalSection
EndGlobal
